
Microsoft Visual Studio Solution File, Format Version 12.00
# Visual Studio Version 16
VisualStudioVersion = 16.6.30114.105
MinimumVisualStudioVersion = 10.0.40219.1
Project("{FAE04EC0-301F-11D3-BF4B-00C04F79EFBC}") = "SocketServer", "SocketServer\SocketServer.csproj", "{615C90E6-1DBB-48B6-ACFA-E7A8939A9599}"
EndProject
Project("{FAE04EC0-301F-11D3-BF4B-00C04F79EFBC}") = "SocketClient", "SocketClient\SocketClient.csproj", "{697E803A-42FF-4B46-8696-B97F0D4EC492}"
EndProject
Global
	GlobalSection(SolutionConfigurationPlatforms) = preSolution
		Debug|Any CPU = Debug|Any CPU
		Debug|x64 = Debug|x64
		Debug|x86 = Debug|x86
		Release|Any CPU = Release|Any CPU
		Release|x64 = Release|x64
		Release|x86 = Release|x86
	EndGlobalSection
	GlobalSection(SolutionProperties) = preSolution
		HideSolutionNode = FALSE
	EndGlobalSection
	GlobalSection(ProjectConfigurationPlatforms) = postSolution
		{615C90E6-1DBB-48B6-ACFA-E7A8939A9599}.Debug|Any CPU.ActiveCfg = Debug|Any CPU
		{615C90E6-1DBB-48B6-ACFA-E7A8939A9599}.Debug|Any CPU.Build.0 = Debug|Any CPU
		{615C90E6-1DBB-48B6-ACFA-E7A8939A9599}.Debug|x64.ActiveCfg = Debug|Any CPU
		{615C90E6-1DBB-48B6-ACFA-E7A8939A9599}.Debug|x64.Build.0 = Debug|Any CPU
		{615C90E6-1DBB-48B6-ACFA-E7A8939A9599}.Debug|x86.ActiveCfg = Debug|Any CPU
		{615C90E6-1DBB-48B6-ACFA-E7A8939A9599}.Debug|x86.Build.0 = Debug|Any CPU
		{615C90E6-1DBB-48B6-ACFA-E7A8939A9599}.Release|Any CPU.ActiveCfg = Release|Any CPU
		{615C90E6-1DBB-48B6-ACFA-E7A8939A9599}.Release|Any CPU.Build.0 = Release|Any CPU
		{615C90E6-1DBB-48B6-ACFA-E7A8939A9599}.Release|x64.ActiveCfg = Release|Any CPU
		{615C90E6-1DBB-48B6-ACFA-E7A8939A9599}.Release|x64.Build.0 = Release|Any CPU
		{615C90E6-1DBB-48B6-ACFA-E7A8939A9599}.Release|x86.ActiveCfg = Release|Any CPU
		{615C90E6-1DBB-48B6-ACFA-E7A8939A9599}.Release|x86.Build.0 = Release|Any CPU
		{697E803A-42FF-4B46-8696-B97F0D4EC492}.Debug|Any CPU.ActiveCfg = Debug|Any CPU
		{697E803A-42FF-4B46-8696-B97F0D4EC492}.Debug|Any CPU.Build.0 = Debug|Any CPU
		{697E803A-42FF-4B46-8696-B97F0D4EC492}.Debug|x64.ActiveCfg = Debug|Any CPU
		{697E803A-42FF-4B46-8696-B97F0D4EC492}.Debug|x64.Build.0 = Debug|Any CPU
		{697E803A-42FF-4B46-8696-B97F0D4EC492}.Debug|x86.ActiveCfg = Debug|Any CPU
		{697E803A-42FF-4B46-8696-B97F0D4EC492}.Debug|x86.Build.0 = Debug|Any CPU
		{697E803A-42FF-4B46-8696-B97F0D4EC492}.Release|Any CPU.ActiveCfg = Release|Any CPU
		{697E803A-42FF-4B46-8696-B97F0D4EC492}.Release|Any CPU.Build.0 = Release|Any CPU
		{697E803A-42FF-4B46-8696-B97F0D4EC492}.Release|x64.ActiveCfg = Release|Any CPU
		{697E803A-42FF-4B46-8696-B97F0D4EC492}.Release|x64.Build.0 = Release|Any CPU
		{697E803A-42FF-4B46-8696-B97F0D4EC492}.Release|x86.ActiveCfg = Release|Any CPU
		{697E803A-42FF-4B46-8696-B97F0D4EC492}.Release|x86.Build.0 = Release|Any CPU
	EndGlobalSection
EndGlobal
